
Microsoft Visual Studio Solution File, Format Version 12.00
# Visual Studio Version 16
VisualStudioVersion = 16.0.32106.194
MinimumVisualStudioVersion = 10.0.40219.1
Project("{FAE04EC0-301F-11D3-BF4B-00C04F79EFBC}") = "LoopsAndRandomNumbers", "LoopsAndRandomNumbers\LoopsAndRandomNumbers.csproj", "{FD99A294-20DC-4811-B016-AB31F601FB9E}"
EndProject
Project("{FAE04EC0-301F-11D3-BF4B-00C04F79EFBC}") = "PINinfiniteLoop", "PINinfiniteLoop\PINinfiniteLoop.csproj", "{EDC4108A-7BEB-4A1F-AA1D-ADB47AF86599}"
EndProject
Project("{FAE04EC0-301F-11D3-BF4B-00C04F79EFBC}") = "RandomNumber", "RandomNumber\RandomNumber.csproj", "{B164F216-5724-430C-A27C-038B41237D8F}"
EndProject
Project("{FAE04EC0-301F-11D3-BF4B-00C04F79EFBC}") = "GuessingGameInfinite", "GuessingGameInfinite\GuessingGameInfinite.csproj", "{4AD6A113-8C88-4C4B-A30B-F0B7CEABB207}"
EndProject
Project("{FAE04EC0-301F-11D3-BF4B-00C04F79EFBC}") = "GuessingGameThreeTries", "GuessingGameThreeTries\GuessingGameThreeTries.csproj", "{3974C983-EDBB-4C05-AF79-60776557A1C0}"
EndProject
Global
	GlobalSection(SolutionConfigurationPlatforms) = preSolution
		Debug|Any CPU = Debug|Any CPU
		Release|Any CPU = Release|Any CPU
	EndGlobalSection
	GlobalSection(ProjectConfigurationPlatforms) = postSolution
		{FD99A294-20DC-4811-B016-AB31F601FB9E}.Debug|Any CPU.ActiveCfg = Debug|Any CPU
		{FD99A294-20DC-4811-B016-AB31F601FB9E}.Debug|Any CPU.Build.0 = Debug|Any CPU
		{FD99A294-20DC-4811-B016-AB31F601FB9E}.Release|Any CPU.ActiveCfg = Release|Any CPU
		{FD99A294-20DC-4811-B016-AB31F601FB9E}.Release|Any CPU.Build.0 = Release|Any CPU
		{EDC4108A-7BEB-4A1F-AA1D-ADB47AF86599}.Debug|Any CPU.ActiveCfg = Debug|Any CPU
		{EDC4108A-7BEB-4A1F-AA1D-ADB47AF86599}.Debug|Any CPU.Build.0 = Debug|Any CPU
		{EDC4108A-7BEB-4A1F-AA1D-ADB47AF86599}.Release|Any CPU.ActiveCfg = Release|Any CPU
		{EDC4108A-7BEB-4A1F-AA1D-ADB47AF86599}.Release|Any CPU.Build.0 = Release|Any CPU
		{B164F216-5724-430C-A27C-038B41237D8F}.Debug|Any CPU.ActiveCfg = Debug|Any CPU
		{B164F216-5724-430C-A27C-038B41237D8F}.Debug|Any CPU.Build.0 = Debug|Any CPU
		{B164F216-5724-430C-A27C-038B41237D8F}.Release|Any CPU.ActiveCfg = Release|Any CPU
		{B164F216-5724-430C-A27C-038B41237D8F}.Release|Any CPU.Build.0 = Release|Any CPU
		{4AD6A113-8C88-4C4B-A30B-F0B7CEABB207}.Debug|Any CPU.ActiveCfg = Debug|Any CPU
		{4AD6A113-8C88-4C4B-A30B-F0B7CEABB207}.Debug|Any CPU.Build.0 = Debug|Any CPU
		{4AD6A113-8C88-4C4B-A30B-F0B7CEABB207}.Release|Any CPU.ActiveCfg = Release|Any CPU
		{4AD6A113-8C88-4C4B-A30B-F0B7CEABB207}.Release|Any CPU.Build.0 = Release|Any CPU
		{3974C983-EDBB-4C05-AF79-60776557A1C0}.Debug|Any CPU.ActiveCfg = Debug|Any CPU
		{3974C983-EDBB-4C05-AF79-60776557A1C0}.Debug|Any CPU.Build.0 = Debug|Any CPU
		{3974C983-EDBB-4C05-AF79-60776557A1C0}.Release|Any CPU.ActiveCfg = Release|Any CPU
		{3974C983-EDBB-4C05-AF79-60776557A1C0}.Release|Any CPU.Build.0 = Release|Any CPU
	EndGlobalSection
	GlobalSection(SolutionProperties) = preSolution
		HideSolutionNode = FALSE
	EndGlobalSection
	GlobalSection(ExtensibilityGlobals) = postSolution
		SolutionGuid = {F30EDBED-E7EE-46C4-B767-844670C87B44}
	EndGlobalSection
EndGlobal
